
Microsoft Visual Studio Solution File, Format Version 12.00
# Visual Studio 15
VisualStudioVersion = 15.0.27130.2036
MinimumVisualStudioVersion = 10.0.40219.1
Project("{FAE04EC0-301F-11D3-BF4B-00C04F79EFBC}") = "Ejercicios1_3_5", "Ejercicios1_3_5\Ejercicios1_3_5.csproj", "{91EFA4DE-1EEF-43C8-B632-627CD143A8A3}"
EndProject
Project("{FAE04EC0-301F-11D3-BF4B-00C04F79EFBC}") = "Ejercicio3", "Ejercicio3\Ejercicio3.csproj", "{DE7DFD19-9322-42B9-B830-BB667CF617A1}"
EndProject
Project("{FAE04EC0-301F-11D3-BF4B-00C04F79EFBC}") = "Ejercicio5", "Ejercicio5\Ejercicio5.csproj", "{42DE5DBE-FB11-4A8B-9D93-0B2A120645FE}"
EndProject
Global
	GlobalSection(SolutionConfigurationPlatforms) = preSolution
		Debug|Any CPU = Debug|Any CPU
		Release|Any CPU = Release|Any CPU
	EndGlobalSection
	GlobalSection(ProjectConfigurationPlatforms) = postSolution
		{91EFA4DE-1EEF-43C8-B632-627CD143A8A3}.Debug|Any CPU.ActiveCfg = Debug|Any CPU
		{91EFA4DE-1EEF-43C8-B632-627CD143A8A3}.Debug|Any CPU.Build.0 = Debug|Any CPU
		{91EFA4DE-1EEF-43C8-B632-627CD143A8A3}.Release|Any CPU.ActiveCfg = Release|Any CPU
		{91EFA4DE-1EEF-43C8-B632-627CD143A8A3}.Release|Any CPU.Build.0 = Release|Any CPU
		{DE7DFD19-9322-42B9-B830-BB667CF617A1}.Debug|Any CPU.ActiveCfg = Debug|Any CPU
		{DE7DFD19-9322-42B9-B830-BB667CF617A1}.Debug|Any CPU.Build.0 = Debug|Any CPU
		{DE7DFD19-9322-42B9-B830-BB667CF617A1}.Release|Any CPU.ActiveCfg = Release|Any CPU
		{DE7DFD19-9322-42B9-B830-BB667CF617A1}.Release|Any CPU.Build.0 = Release|Any CPU
		{42DE5DBE-FB11-4A8B-9D93-0B2A120645FE}.Debug|Any CPU.ActiveCfg = Debug|Any CPU
		{42DE5DBE-FB11-4A8B-9D93-0B2A120645FE}.Debug|Any CPU.Build.0 = Debug|Any CPU
		{42DE5DBE-FB11-4A8B-9D93-0B2A120645FE}.Release|Any CPU.ActiveCfg = Release|Any CPU
		{42DE5DBE-FB11-4A8B-9D93-0B2A120645FE}.Release|Any CPU.Build.0 = Release|Any CPU
	EndGlobalSection
	GlobalSection(SolutionProperties) = preSolution
		HideSolutionNode = FALSE
	EndGlobalSection
	GlobalSection(ExtensibilityGlobals) = postSolution
		SolutionGuid = {B0768A14-9221-49C7-A835-ABF2F2B512D8}
	EndGlobalSection
EndGlobal
