
Microsoft Visual Studio Solution File, Format Version 12.00
# Visual Studio 15
VisualStudioVersion = 15.0.27130.2036
MinimumVisualStudioVersion = 10.0.40219.1
Project("{FAE04EC0-301F-11D3-BF4B-00C04F79EFBC}") = "Ejercicio4", "Ejercicios1_4_5\Ejercicio4.csproj", "{6678736C-2085-4115-B3FE-83C58F1F59BE}"
EndProject
Project("{FAE04EC0-301F-11D3-BF4B-00C04F79EFBC}") = "Ejercicio1", "Ejercicio1\Ejercicio1.csproj", "{D14B28B4-B8E8-4E05-BA1A-20AB78CF0575}"
EndProject
Project("{FAE04EC0-301F-11D3-BF4B-00C04F79EFBC}") = "Ejercicio5", "Ejercicio5\Ejercicio5.csproj", "{F9207649-5041-466E-A3F0-CE02B447229D}"
EndProject
Global
	GlobalSection(SolutionConfigurationPlatforms) = preSolution
		Debug|Any CPU = Debug|Any CPU
		Release|Any CPU = Release|Any CPU
	EndGlobalSection
	GlobalSection(ProjectConfigurationPlatforms) = postSolution
		{6678736C-2085-4115-B3FE-83C58F1F59BE}.Debug|Any CPU.ActiveCfg = Debug|Any CPU
		{6678736C-2085-4115-B3FE-83C58F1F59BE}.Debug|Any CPU.Build.0 = Debug|Any CPU
		{6678736C-2085-4115-B3FE-83C58F1F59BE}.Release|Any CPU.ActiveCfg = Release|Any CPU
		{6678736C-2085-4115-B3FE-83C58F1F59BE}.Release|Any CPU.Build.0 = Release|Any CPU
		{D14B28B4-B8E8-4E05-BA1A-20AB78CF0575}.Debug|Any CPU.ActiveCfg = Debug|Any CPU
		{D14B28B4-B8E8-4E05-BA1A-20AB78CF0575}.Debug|Any CPU.Build.0 = Debug|Any CPU
		{D14B28B4-B8E8-4E05-BA1A-20AB78CF0575}.Release|Any CPU.ActiveCfg = Release|Any CPU
		{D14B28B4-B8E8-4E05-BA1A-20AB78CF0575}.Release|Any CPU.Build.0 = Release|Any CPU
		{F9207649-5041-466E-A3F0-CE02B447229D}.Debug|Any CPU.ActiveCfg = Debug|Any CPU
		{F9207649-5041-466E-A3F0-CE02B447229D}.Debug|Any CPU.Build.0 = Debug|Any CPU
		{F9207649-5041-466E-A3F0-CE02B447229D}.Release|Any CPU.ActiveCfg = Release|Any CPU
		{F9207649-5041-466E-A3F0-CE02B447229D}.Release|Any CPU.Build.0 = Release|Any CPU
	EndGlobalSection
	GlobalSection(SolutionProperties) = preSolution
		HideSolutionNode = FALSE
	EndGlobalSection
	GlobalSection(ExtensibilityGlobals) = postSolution
		SolutionGuid = {139F0993-7819-4489-BF20-442626D3A6DD}
	EndGlobalSection
EndGlobal
